// !$*UTF8*$!
{
	archiveVersion = 1;
	classes = {
	};
	objectVersion = 46;
	objects = {

/* Begin PBXBuildFile section */
		216904A81D48456800DFF414 /* csv.swift in Sources */ = {isa = PBXBuildFile; fileRef = 216904A71D48456800DFF414 /* csv.swift */; };
		216904AC1D48495800DFF414 /* Pokemon.ttf in Resources */ = {isa = PBXBuildFile; fileRef = 216904AB1D48495800DFF414 /* Pokemon.ttf */; };
		216904AE1D484BBD00DFF414 /* music.mp3 in Resources */ = {isa = PBXBuildFile; fileRef = 216904AD1D484BBD00DFF414 /* music.mp3 */; };
		216904B01D48570500DFF414 /* PokemonDetailVC.swift in Sources */ = {isa = PBXBuildFile; fileRef = 216904AF1D48570500DFF414 /* PokemonDetailVC.swift */; };
		2174264A1D48705900E79B02 /* Constants.swift in Sources */ = {isa = PBXBuildFile; fileRef = 217426491D48705900E79B02 /* Constants.swift */; };
		21BA21911D48248600E38E7B /* Pokemon.swift in Sources */ = {isa = PBXBuildFile; fileRef = 21BA21901D48248600E38E7B /* Pokemon.swift */; };
		21BA21981D4833A600E38E7B /* PokeCell.swift in Sources */ = {isa = PBXBuildFile; fileRef = 21BA21971D4833A600E38E7B /* PokeCell.swift */; };
		21C895611D4823320013F135 /* AppDelegate.swift in Sources */ = {isa = PBXBuildFile; fileRef = 21C895601D4823320013F135 /* AppDelegate.swift */; };
		21C895631D4823320013F135 /* ViewController.swift in Sources */ = {isa = PBXBuildFile; fileRef = 21C895621D4823320013F135 /* ViewController.swift */; };
		21C895661D4823320013F135 /* Main.storyboard in Resources */ = {isa = PBXBuildFile; fileRef = 21C895641D4823320013F135 /* Main.storyboard */; };
		21C895681D4823320013F135 /* Assets.xcassets in Resources */ = {isa = PBXBuildFile; fileRef = 21C895671D4823320013F135 /* Assets.xcassets */; };
		21C8956B1D4823320013F135 /* LaunchScreen.storyboard in Resources */ = {isa = PBXBuildFile; fileRef = 21C895691D4823320013F135 /* LaunchScreen.storyboard */; };
		21C895731D4823A40013F135 /* pokemon.csv in Resources */ = {isa = PBXBuildFile; fileRef = 21C895721D4823A40013F135 /* pokemon.csv */; };
		B52800F665F93FC49FEE5A73 /* Pods_Pokedex.framework in Frameworks */ = {isa = PBXBuildFile; fileRef = 2B01BAFB7D088653186AEB6D /* Pods_Pokedex.framework */; };
/* End PBXBuildFile section */

/* Begin PBXFileReference section */
		216904A71D48456800DFF414 /* csv.swift */ = {isa = PBXFileReference; fileEncoding = 4; lastKnownFileType = sourcecode.swift; path = csv.swift; sourceTree = "<group>"; };
		216904AB1D48495800DFF414 /* Pokemon.ttf */ = {isa = PBXFileReference; lastKnownFileType = file; path = Pokemon.ttf; sourceTree = "<group>"; };
		216904AD1D484BBD00DFF414 /* music.mp3 */ = {isa = PBXFileReference; lastKnownFileType = audio.mp3; path = music.mp3; sourceTree = "<group>"; };
		216904AF1D48570500DFF414 /* PokemonDetailVC.swift */ = {isa = PBXFileReference; fileEncoding = 4; lastKnownFileType = sourcecode.swift; path = PokemonDetailVC.swift; sourceTree = "<group>"; };
		217426491D48705900E79B02 /* Constants.swift */ = {isa = PBXFileReference; fileEncoding = 4; lastKnownFileType = sourcecode.swift; path = Constants.swift; sourceTree = "<group>"; };
		21BA21901D48248600E38E7B /* Pokemon.swift */ = {isa = PBXFileReference; fileEncoding = 4; lastKnownFileType = sourcecode.swift; path = Pokemon.swift; sourceTree = "<group>"; };
		21BA21971D4833A600E38E7B /* PokeCell.swift */ = {isa = PBXFileReference; fileEncoding = 4; lastKnownFileType = sourcecode.swift; path = PokeCell.swift; sourceTree = "<group>"; };
		21C8955D1D4823320013F135 /* Pokedex.app */ = {isa = PBXFileReference; explicitFileType = wrapper.application; includeInIndex = 0; path = Pokedex.app; sourceTree = BUILT_PRODUCTS_DIR; };
		21C895601D4823320013F135 /* AppDelegate.swift */ = {isa = PBXFileReference; lastKnownFileType = sourcecode.swift; path = AppDelegate.swift; sourceTree = "<group>"; };
		21C895621D4823320013F135 /* ViewController.swift */ = {isa = PBXFileReference; lastKnownFileType = sourcecode.swift; path = ViewController.swift; sourceTree = "<group>"; };
		21C895651D4823320013F135 /* Base */ = {isa = PBXFileReference; lastKnownFileType = file.storyboard; name = Base; path = Base.lproj/Main.storyboard; sourceTree = "<group>"; };
		21C895671D4823320013F135 /* Assets.xcassets */ = {isa = PBXFileReference; lastKnownFileType = folder.assetcatalog; path = Assets.xcassets; sourceTree = "<group>"; };
		21C8956A1D4823320013F135 /* Base */ = {isa = PBXFileReference; lastKnownFileType = file.storyboard; name = Base; path = Base.lproj/LaunchScreen.storyboard; sourceTree = "<group>"; };
		21C8956C1D4823320013F135 /* Info.plist */ = {isa = PBXFileReference; lastKnownFileType = text.plist.xml; path = Info.plist; sourceTree = "<group>"; };
		21C895721D4823A40013F135 /* pokemon.csv */ = {isa = PBXFileReference; fileEncoding = 4; lastKnownFileType = text; path = pokemon.csv; sourceTree = "<group>"; };
		2B01BAFB7D088653186AEB6D /* Pods_Pokedex.framework */ = {isa = PBXFileReference; explicitFileType = wrapper.framework; includeInIndex = 0; path = Pods_Pokedex.framework; sourceTree = BUILT_PRODUCTS_DIR; };
		81EAF6E213F6852C58431513 /* Pods-Pokedex.debug.xcconfig */ = {isa = PBXFileReference; includeInIndex = 1; lastKnownFileType = text.xcconfig; name = "Pods-Pokedex.debug.xcconfig"; path = "Pods/Target Support Files/Pods-Pokedex/Pods-Pokedex.debug.xcconfig"; sourceTree = "<group>"; };
		FF1986DF6EE7387FA761BE4A /* Pods-Pokedex.release.xcconfig */ = {isa = PBXFileReference; includeInIndex = 1; lastKnownFileType = text.xcconfig; name = "Pods-Pokedex.release.xcconfig"; path = "Pods/Target Support Files/Pods-Pokedex/Pods-Pokedex.release.xcconfig"; sourceTree = "<group>"; };
/* End PBXFileReference section */

/* Begin PBXFrameworksBuildPhase section */
		21C8955A1D4823320013F135 /* Frameworks */ = {
			isa = PBXFrameworksBuildPhase;
			buildActionMask = 2147483647;
			files = (
				B52800F665F93FC49FEE5A73 /* Pods_Pokedex.framework in Frameworks */,
			);
			runOnlyForDeploymentPostprocessing = 0;
		};
/* End PBXFrameworksBuildPhase section */

/* Begin PBXGroup section */
		216904A61D48452B00DFF414 /* Utils */ = {
			isa = PBXGroup;
			children = (
				216904A71D48456800DFF414 /* csv.swift */,
				217426491D48705900E79B02 /* Constants.swift */,
			);
			name = Utils;
			sourceTree = "<group>";
		};
		216904A91D48459400DFF414 /* Controller */ = {
			isa = PBXGroup;
			children = (
				21C895621D4823320013F135 /* ViewController.swift */,
				216904AF1D48570500DFF414 /* PokemonDetailVC.swift */,
			);
			name = Controller;
			sourceTree = "<group>";
		};
		216904AA1D48459E00DFF414 /* Resources */ = {
			isa = PBXGroup;
			children = (
				216904AD1D484BBD00DFF414 /* music.mp3 */,
				216904AB1D48495800DFF414 /* Pokemon.ttf */,
				21C895721D4823A40013F135 /* pokemon.csv */,
			);
			name = Resources;
			sourceTree = "<group>";
		};
		21BA21921D4832B800E38E7B /* View */ = {
			isa = PBXGroup;
			children = (
				21BA21971D4833A600E38E7B /* PokeCell.swift */,
			);
			name = View;
			sourceTree = "<group>";
		};
		21C895541D4823320013F135 = {
			isa = PBXGroup;
			children = (
				21C8955F1D4823320013F135 /* Pokedex */,
				21C8955E1D4823320013F135 /* Products */,
				EE9249AD572A7135799F7CAB /* Pods */,
				6E537399131CE5CA213C31CE /* Frameworks */,
			);
			sourceTree = "<group>";
		};
		21C8955E1D4823320013F135 /* Products */ = {
			isa = PBXGroup;
			children = (
				21C8955D1D4823320013F135 /* Pokedex.app */,
			);
			name = Products;
			sourceTree = "<group>";
		};
		21C8955F1D4823320013F135 /* Pokedex */ = {
			isa = PBXGroup;
			children = (
				216904A91D48459400DFF414 /* Controller */,
				21BA21921D4832B800E38E7B /* View */,
				21C895741D4823AE0013F135 /* Model */,
				216904A61D48452B00DFF414 /* Utils */,
				216904AA1D48459E00DFF414 /* Resources */,
				21C895601D4823320013F135 /* AppDelegate.swift */,
				21C895641D4823320013F135 /* Main.storyboard */,
				21C895671D4823320013F135 /* Assets.xcassets */,
				21C895691D4823320013F135 /* LaunchScreen.storyboard */,
				21C8956C1D4823320013F135 /* Info.plist */,
			);
			path = Pokedex;
			sourceTree = "<group>";
		};
		21C895741D4823AE0013F135 /* Model */ = {
			isa = PBXGroup;
			children = (
				21BA21901D48248600E38E7B /* Pokemon.swift */,
			);
			name = Model;
			sourceTree = "<group>";
		};
		6E537399131CE5CA213C31CE /* Frameworks */ = {
			isa = PBXGroup;
			children = (
				2B01BAFB7D088653186AEB6D /* Pods_Pokedex.framework */,
			);
			name = Frameworks;
			sourceTree = "<group>";
		};
		EE9249AD572A7135799F7CAB /* Pods */ = {
			isa = PBXGroup;
			children = (
				81EAF6E213F6852C58431513 /* Pods-Pokedex.debug.xcconfig */,
				FF1986DF6EE7387FA761BE4A /* Pods-Pokedex.release.xcconfig */,
			);
			name = Pods;
			sourceTree = "<group>";
		};
/* End PBXGroup section */

/* Begin PBXNativeTarget section */
		21C8955C1D4823320013F135 /* Pokedex */ = {
			isa = PBXNativeTarget;
			buildConfigurationList = 21C8956F1D4823320013F135 /* Build configuration list for PBXNativeTarget "Pokedex" */;
			buildPhases = (
				69D1CD534D302A44F69BC69A /* [CP] Check Pods Manifest.lock */,
				21C895591D4823320013F135 /* Sources */,
				21C8955A1D4823320013F135 /* Frameworks */,
				21C8955B1D4823320013F135 /* Resources */,
				36F589EB35E76227FB27A994 /* [CP] Embed Pods Frameworks */,
				0D559FE583070ED94796C5B7 /* [CP] Copy Pods Resources */,
			);
			buildRules = (
			);
			dependencies = (
			);
			name = Pokedex;
			productName = Pokedex;
			productReference = 21C8955D1D4823320013F135 /* Pokedex.app */;
			productType = "com.apple.product-type.application";
		};
/* End PBXNativeTarget section */

/* Begin PBXProject section */
		21C895551D4823320013F135 /* Project object */ = {
			isa = PBXProject;
			attributes = {
				LastSwiftUpdateCheck = 0730;
				LastUpgradeCheck = 0730;
				ORGANIZATIONNAME = "ricardo silva";
				TargetAttributes = {
					21C8955C1D4823320013F135 = {
						CreatedOnToolsVersion = 7.3.1;
					};
				};
			};
			buildConfigurationList = 21C895581D4823320013F135 /* Build configuration list for PBXProject "Pokedex" */;
			compatibilityVersion = "Xcode 3.2";
			developmentRegion = English;
			hasScannedForEncodings = 0;
			knownRegions = (
				en,
				Base,
			);
			mainGroup = 21C895541D4823320013F135;
			productRefGroup = 21C8955E1D4823320013F135 /* Products */;
			projectDirPath = "";
			projectRoot = "";
			targets = (
				21C8955C1D4823320013F135 /* Pokedex */,
			);
		};
/* End PBXProject section */

/* Begin PBXResourcesBuildPhase section */
		21C8955B1D4823320013F135 /* Resources */ = {
			isa = PBXResourcesBuildPhase;
			buildActionMask = 2147483647;
			files = (
				21C8956B1D4823320013F135 /* LaunchScreen.storyboard in Resources */,
				216904AC1D48495800DFF414 /* Pokemon.ttf in Resources */,
				216904AE1D484BBD00DFF414 /* music.mp3 in Resources */,
				21C895681D4823320013F135 /* Assets.xcassets in Resources */,
				21C895731D4823A40013F135 /* pokemon.csv in Resources */,
				21C895661D4823320013F135 /* Main.storyboard in Resources */,
			);
			runOnlyForDeploymentPostprocessing = 0;
		};
/* End PBXResourcesBuildPhase section */

/* Begin PBXShellScriptBuildPhase section */
		0D559FE583070ED94796C5B7 /* [CP] Copy Pods Resources */ = {
			isa = PBXShellScriptBuildPhase;
			buildActionMask = 2147483647;
			files = (
			);
			inputPaths = (
			);
			name = "[CP] Copy Pods Resources";
			outputPaths = (
			);
			runOnlyForDeploymentPostprocessing = 0;
			shellPath = /bin/sh;
			shellScript = "\"${SRCROOT}/Pods/Target Support Files/Pods-Pokedex/Pods-Pokedex-resources.sh\"\n";
			showEnvVarsInLog = 0;
		};
		36F589EB35E76227FB27A994 /* [CP] Embed Pods Frameworks */ = {
			isa = PBXShellScriptBuildPhase;
			buildActionMask = 2147483647;
			files = (
			);
			inputPaths = (
			);
			name = "[CP] Embed Pods Frameworks";
			outputPaths = (
			);
			runOnlyForDeploymentPostprocessing = 0;
			shellPath = /bin/sh;
			shellScript = "\"${SRCROOT}/Pods/Target Support Files/Pods-Pokedex/Pods-Pokedex-frameworks.sh\"\n";
			showEnvVarsInLog = 0;
		};
		69D1CD534D302A44F69BC69A /* [CP] Check Pods Manifest.lock */ = {
			isa = PBXShellScriptBuildPhase;
			buildActionMask = 2147483647;
			files = (
			);
			inputPaths = (
			);
			name = "[CP] Check Pods Manifest.lock";
			outputPaths = (
			);
			runOnlyForDeploymentPostprocessing = 0;
			shellPath = /bin/sh;
			shellScript = "diff \"${PODS_ROOT}/../Podfile.lock\" \"${PODS_ROOT}/Manifest.lock\" > /dev/null\nif [[ $? != 0 ]] ; then\n    cat << EOM\nerror: The sandbox is not in sync with the Podfile.lock. Run 'pod install' or update your CocoaPods installation.\nEOM\n    exit 1\nfi\n";
			showEnvVarsInLog = 0;
		};
/* End PBXShellScriptBuildPhase section */

/* Begin PBXSourcesBuildPhase section */
		21C895591D4823320013F135 /* Sources */ = {
			isa = PBXSourcesBuildPhase;
			buildActionMask = 2147483647;
			files = (
				21BA21981D4833A600E38E7B /* PokeCell.swift in Sources */,
				21C895631D4823320013F135 /* ViewController.swift in Sources */,
				21C895611D4823320013F135 /* AppDelegate.swift in Sources */,
				216904B01D48570500DFF414 /* PokemonDetailVC.swift in Sources */,
				2174264A1D48705900E79B02 /* Constants.swift in Sources */,
				21BA21911D48248600E38E7B /* Pokemon.swift in Sources */,
				216904A81D48456800DFF414 /* csv.swift in Sources */,
			);
			runOnlyForDeploymentPostprocessing = 0;
		};
/* End PBXSourcesBuildPhase section */

/* Begin PBXVariantGroup section */
		21C895641D4823320013F135 /* Main.storyboard */ = {
			isa = PBXVariantGroup;
			children = (
				21C895651D4823320013F135 /* Base */,
			);
			name = Main.storyboard;
			sourceTree = "<group>";
		};
		21C895691D4823320013F135 /* LaunchScreen.storyboard */ = {
			isa = PBXVariantGroup;
			children = (
				21C8956A1D4823320013F135 /* Base */,
			);
			name = LaunchScreen.storyboard;
			sourceTree = "<group>";
		};
/* End PBXVariantGroup section */

/* Begin XCBuildConfiguration section */
		21C8956D1D4823320013F135 /* Debug */ = {
			isa = XCBuildConfiguration;
			buildSettings = {
				ALWAYS_SEARCH_USER_PATHS = NO;
				CLANG_ANALYZER_NONNULL = YES;
				CLANG_CXX_LANGUAGE_STANDARD = "gnu++0x";
				CLANG_CXX_LIBRARY = "libc++";
				CLANG_ENABLE_MODULES = YES;
				CLANG_ENABLE_OBJC_ARC = YES;
				CLANG_WARN_BOOL_CONVERSION = YES;
				CLANG_WARN_CONSTANT_CONVERSION = YES;
				CLANG_WARN_DIRECT_OBJC_ISA_USAGE = YES_ERROR;
				CLANG_WARN_EMPTY_BODY = YES;
				CLANG_WARN_ENUM_CONVERSION = YES;
				CLANG_WARN_INT_CONVERSION = YES;
				CLANG_WARN_OBJC_ROOT_CLASS = YES_ERROR;
				CLANG_WARN_UNREACHABLE_CODE = YES;
				CLANG_WARN__DUPLICATE_METHOD_MATCH = YES;
				"CODE_SIGN_IDENTITY[sdk=iphoneos*]" = "iPhone Developer";
				COPY_PHASE_STRIP = NO;
				DEBUG_INFORMATION_FORMAT = dwarf;
				ENABLE_STRICT_OBJC_MSGSEND = YES;
				ENABLE_TESTABILITY = YES;
				GCC_C_LANGUAGE_STANDARD = gnu99;
				GCC_DYNAMIC_NO_PIC = NO;
				GCC_NO_COMMON_BLOCKS = YES;
				GCC_OPTIMIZATION_LEVEL = 0;
				GCC_PREPROCESSOR_DEFINITIONS = (
					"DEBUG=1",
					"$(inherited)",
				);
				GCC_WARN_64_TO_32_BIT_CONVERSION = YES;
				GCC_WARN_ABOUT_RETURN_TYPE = YES_ERROR;
				GCC_WARN_UNDECLARED_SELECTOR = YES;
				GCC_WARN_UNINITIALIZED_AUTOS = YES_AGGRESSIVE;
				GCC_WARN_UNUSED_FUNCTION = YES;
				GCC_WARN_UNUSED_VARIABLE = YES;
				IPHONEOS_DEPLOYMENT_TARGET = 9.3;
				MTL_ENABLE_DEBUG_INFO = YES;
				ONLY_ACTIVE_ARCH = YES;
				SDKROOT = iphoneos;
				SWIFT_OPTIMIZATION_LEVEL = "-Onone";
				TARGETED_DEVICE_FAMILY = "1,2";
			};
			name = Debug;
		};
		21C8956E1D4823320013F135 /* Release */ = {
			isa = XCBuildConfiguration;
			buildSettings = {
				ALWAYS_SEARCH_USER_PATHS = NO;
				CLANG_ANALYZER_NONNULL = YES;
				CLANG_CXX_LANGUAGE_STANDARD = "gnu++0x";
				CLANG_CXX_LIBRARY = "libc++";
				CLANG_ENABLE_MODULES = YES;
				CLANG_ENABLE_OBJC_ARC = YES;
				CLANG_WARN_BOOL_CONVERSION = YES;
				CLANG_WARN_CONSTANT_CONVERSION = YES;
				CLANG_WARN_DIRECT_OBJC_ISA_USAGE = YES_ERROR;
				CLANG_WARN_EMPTY_BODY = YES;
				CLANG_WARN_ENUM_CONVERSION = YES;
				CLANG_WARN_INT_CONVERSION = YES;
				CLANG_WARN_OBJC_ROOT_CLASS = YES_ERROR;
				CLANG_WARN_UNREACHABLE_CODE = YES;
				CLANG_WARN__DUPLICATE_METHOD_MATCH = YES;
				"CODE_SIGN_IDENTITY[sdk=iphoneos*]" = "iPhone Developer";
				COPY_PHASE_STRIP = NO;
				DEBUG_INFORMATION_FORMAT = "dwarf-with-dsym";
				ENABLE_NS_ASSERTIONS = NO;
				ENABLE_STRICT_OBJC_MSGSEND = YES;
				GCC_C_LANGUAGE_STANDARD = gnu99;
				GCC_NO_COMMON_BLOCKS = YES;
				GCC_WARN_64_TO_32_BIT_CONVERSION = YES;
				GCC_WARN_ABOUT_RETURN_TYPE = YES_ERROR;
				GCC_WARN_UNDECLARED_SELECTOR = YES;
				GCC_WARN_UNINITIALIZED_AUTOS = YES_AGGRESSIVE;
				GCC_WARN_UNUSED_FUNCTION = YES;
				GCC_WARN_UNUSED_VARIABLE = YES;
				IPHONEOS_DEPLOYMENT_TARGET = 9.3;
				MTL_ENABLE_DEBUG_INFO = NO;
				SDKROOT = iphoneos;
				TARGETED_DEVICE_FAMILY = "1,2";
				VALIDATE_PRODUCT = YES;
			};
			name = Release;
		};
		21C895701D4823320013F135 /* Debug */ = {
			isa = XCBuildConfiguration;
			baseConfigurationReference = 81EAF6E213F6852C58431513 /* Pods-Pokedex.debug.xcconfig */;
			buildSettings = {
				ASSETCATALOG_COMPILER_APPICON_NAME = AppIcon;
				INFOPLIST_FILE = Pokedex/Info.plist;
				LD_RUNPATH_SEARCH_PATHS = "$(inherited) @executable_path/Frameworks";
				PRODUCT_BUNDLE_IDENTIFIER = rcrdcst.Pokedex;
				PRODUCT_NAME = "$(TARGET_NAME)";
			};
			name = Debug;
		};
		21C895711D4823320013F135 /* Release */ = {
			isa = XCBuildConfiguration;
			baseConfigurationReference = FF1986DF6EE7387FA761BE4A /* Pods-Pokedex.release.xcconfig */;
			buildSettings = {
				ASSETCATALOG_COMPILER_APPICON_NAME = AppIcon;
				INFOPLIST_FILE = Pokedex/Info.plist;
				LD_RUNPATH_SEARCH_PATHS = "$(inherited) @executable_path/Frameworks";
				PRODUCT_BUNDLE_IDENTIFIER = rcrdcst.Pokedex;
				PRODUCT_NAME = "$(TARGET_NAME)";
			};
			name = Release;
		};
/* End XCBuildConfiguration section */

/* Begin XCConfigurationList section */
		21C895581D4823320013F135 /* Build configuration list for PBXProject "Pokedex" */ = {
			isa = XCConfigurationList;
			buildConfigurations = (
				21C8956D1D4823320013F135 /* Debug */,
				21C8956E1D4823320013F135 /* Release */,
			);
			defaultConfigurationIsVisible = 0;
			defaultConfigurationName = Release;
		};
		21C8956F1D4823320013F135 /* Build configuration list for PBXNativeTarget "Pokedex" */ = {
			isa = XCConfigurationList;
			buildConfigurations = (
				21C895701D4823320013F135 /* Debug */,
				21C895711D4823320013F135 /* Release */,
			);
			defaultConfigurationIsVisible = 0;
			defaultConfigurationName = Release;
		};
/* End XCConfigurationList section */
	};
	rootObject = 21C895551D4823320013F135 /* Project object */;
}
